
Microsoft Visual Studio Solution File, Format Version 12.00
# Visual Studio Version 16
VisualStudioVersion = 16.0.29324.140
MinimumVisualStudioVersion = 10.0.40219.1
Project("{FAE04EC0-301F-11D3-BF4B-00C04F79EFBC}") = "ChuanDoanBenh", "ChuanDoanBenh\ChuanDoanBenh.csproj", "{3E5FD821-506E-45B4-8A9E-7321BDFA523F}"
EndProject
Global
	GlobalSection(SolutionConfigurationPlatforms) = preSolution
		Debug|Any CPU = Debug|Any CPU
		Release|Any CPU = Release|Any CPU
	EndGlobalSection
	GlobalSection(ProjectConfigurationPlatforms) = postSolution
		{3E5FD821-506E-45B4-8A9E-7321BDFA523F}.Debug|Any CPU.ActiveCfg = Debug|Any CPU
		{3E5FD821-506E-45B4-8A9E-7321BDFA523F}.Debug|Any CPU.Build.0 = Debug|Any CPU
		{3E5FD821-506E-45B4-8A9E-7321BDFA523F}.Release|Any CPU.ActiveCfg = Release|Any CPU
		{3E5FD821-506E-45B4-8A9E-7321BDFA523F}.Release|Any CPU.Build.0 = Release|Any CPU
	EndGlobalSection
	GlobalSection(SolutionProperties) = preSolution
		HideSolutionNode = FALSE
	EndGlobalSection
	GlobalSection(ExtensibilityGlobals) = postSolution
		SolutionGuid = {75437495-5E24-4E5E-8508-4064FF392BCE}
	EndGlobalSection
EndGlobal
